<?xml version="1.0" encoding="utf-8"?>
<Project ToolsVersion="4.0" xmlns="http://schemas.microsoft.com/developer/msbuild/2003">
  <ItemGroup>
    <Manifest Include="..\Common\MWR\WinTools\OsVersion.manifest" />
  </ItemGroup>
  <ItemGroup>
    <ClCompile Include="ChannelLinter.cpp" />
    <ClCompile Include="Form.cpp" />
    <ClCompile Include="InputContext.cpp" />
    <ClCompile Include="InputVector.cpp" />
    <ClCompile Include="StdAfx.cpp" />
    <ClCompile Include="MockDeviceBridge.cpp" />
  </ItemGroup>
  <ItemGroup>
    <ClInclude Include="Form.h" />
    <ClInclude Include="FormElement.hpp" />
    <ClInclude Include="InputContext.h" />
    <ClInclude Include="InputVector.h" />
    <ClInclude Include="StdAfx.h" />
    <ClInclude Include="MockDeviceBridge.h" />
  </ItemGroup>
</Project>