Microsoft Visual Studio Solution File, Format Version 12.00
# Visual Studio Version 16
VisualStudioVersion = 16.0.28803.202
MinimumVisualStudioVersion = 10.0.40219.1
Project("{8BC9CEB8-8B4A-11D0-8D11-00A0C91BC942}") = "NodeRelayConsoleExe", "NodeRelayConsoleExe\NodeRelayConsoleExe.vcxproj", "{D00C849B-4FA5-4E84-B9EF-B1C8C338647A}"
	ProjectSection(ProjectDependencies) = postProject
		{9341205B-AEE0-483B-9A80-975C2084C3AE} = {9341205B-AEE0-483B-9A80-975C2084C3AE}
	EndProjectSection
EndProject
Project("{8BC9CEB8-8B4A-11D0-8D11-00A0C91BC942}") = "GatewayConsoleExe", "Gateway\Gateway.vcxproj", "{B7C64002-5002-410F-868C-826073AFA924}"
	ProjectSection(ProjectDependencies) = postProject
		{9341205B-AEE0-483B-9A80-975C2084C3AE} = {9341205B-AEE0-483B-9A80-975C2084C3AE}
	EndProjectSection
EndProject
Project("{8BC9CEB8-8B4A-11D0-8D11-00A0C91BC942}") = "NodeRelayDll", "NodeRelayDll\NodeRelayDll.vcxproj", "{946619C2-5959-4C0C-BC7C-1C27D825B042}"
	ProjectSection(ProjectDependencies) = postProject
		{9341205B-AEE0-483B-9A80-975C2084C3AE} = {9341205B-AEE0-483B-9A80-975C2084C3AE}
	EndProjectSection
EndProject
Project("{8BC9CEB8-8B4A-11D0-8D11-00A0C91BC942}") = "Common", "Common\Common.vcxitems", "{5CC52339-4B11-47DF-B1DB-18FBCF057123}"
EndProject
Project("{8BC9CEB8-8B4A-11D0-8D11-00A0C91BC942}") = "Core", "Core\Core.vcxproj", "{9341205B-AEE0-483B-9A80-975C2084C3AE}"
EndProject
Project("{9A19103F-16F7-4668-BE54-9A1E7A4F7556}") = "WebController", "WebController\Backend\WebController.csproj", "{023B2DB0-6DA4-4F0D-988B-4D9BF522DA37}"
EndProject
Project("{8BC9CEB8-8B4A-11D0-8D11-00A0C91BC942}") = "ChannelLinter", "ChannelLinter\ChannelLinter.vcxproj", "{F2EC73D1-D533-4EE4-955A-A62E306472CC}"
EndProject
Global
	GlobalSection(SharedMSBuildProjectFiles) = preSolution
		Common\Common.vcxitems*{5cc52339-4b11-47df-b1db-18fbcf057123}*SharedItemsImports = 9
		Common\Common.vcxitems*{946619c2-5959-4c0c-bc7c-1c27d825b042}*SharedItemsImports = 4
		Common\Common.vcxitems*{b7c64002-5002-410f-868c-826073afa924}*SharedItemsImports = 4
		Common\Common.vcxitems*{d00c849b-4fa5-4e84-b9ef-b1c8c338647a}*SharedItemsImports = 4
		Common\Common.vcxitems*{f2ec73d1-d533-4ee4-955a-a62e306472cc}*SharedItemsImports = 4
	EndGlobalSection
	GlobalSection(SolutionConfigurationPlatforms) = preSolution
		Debug|x64 = Debug|x64
		Debug|x86 = Debug|x86
		Release|x64 = Release|x64
		Release|x86 = Release|x86
		ReleaseWithDebInfo|x64 = ReleaseWithDebInfo|x64
		ReleaseWithDebInfo|x86 = ReleaseWithDebInfo|x86
	EndGlobalSection
	GlobalSection(ProjectConfigurationPlatforms) = postSolution
		{D00C849B-4FA5-4E84-B9EF-B1C8C338647A}.Debug|x64.ActiveCfg = Debug|x64
		{D00C849B-4FA5-4E84-B9EF-B1C8C338647A}.Debug|x64.Build.0 = Debug|x64
		{D00C849B-4FA5-4E84-B9EF-B1C8C338647A}.Debug|x86.ActiveCfg = Debug|Win32
		{D00C849B-4FA5-4E84-B9EF-B1C8C338647A}.Debug|x86.Build.0 = Debug|Win32
		{D00C849B-4FA5-4E84-B9EF-B1C8C338647A}.Release|x64.ActiveCfg = Release|x64
		{D00C849B-4FA5-4E84-B9EF-B1C8C338647A}.Release|x64.Build.0 = Release|x64
		{D00C849B-4FA5-4E84-B9EF-B1C8C338647A}.Release|x86.ActiveCfg = Release|Win32
		{D00C849B-4FA5-4E84-B9EF-B1C8C338647A}.Release|x86.Build.0 = Release|Win32
		{D00C849B-4FA5-4E84-B9EF-B1C8C338647A}.ReleaseWithDebInfo|x64.ActiveCfg = ReleaseWithDebInfo|x64
		{D00C849B-4FA5-4E84-B9EF-B1C8C338647A}.ReleaseWithDebInfo|x64.Build.0 = ReleaseWithDebInfo|x64
		{D00C849B-4FA5-4E84-B9EF-B1C8C338647A}.ReleaseWithDebInfo|x86.ActiveCfg = ReleaseWithDebInfo|Win32
		{D00C849B-4FA5-4E84-B9EF-B1C8C338647A}.ReleaseWithDebInfo|x86.Build.0 = ReleaseWithDebInfo|Win32
		{B7C64002-5002-410F-868C-826073AFA924}.Debug|x64.ActiveCfg = Debug|x64
		{B7C64002-5002-410F-868C-826073AFA924}.Debug|x64.Build.0 = Debug|x64
		{B7C64002-5002-410F-868C-826073AFA924}.Debug|x86.ActiveCfg = Debug|Win32
		{B7C64002-5002-410F-868C-826073AFA924}.Debug|x86.Build.0 = Debug|Win32
		{B7C64002-5002-410F-868C-826073AFA924}.Release|x64.ActiveCfg = Release|x64
		{B7C64002-5002-410F-868C-826073AFA924}.Release|x64.Build.0 = Release|x64
		{B7C64002-5002-410F-868C-826073AFA924}.Release|x86.ActiveCfg = Release|Win32
		{B7C64002-5002-410F-868C-826073AFA924}.Release|x86.Build.0 = Release|Win32
		{B7C64002-5002-410F-868C-826073AFA924}.ReleaseWithDebInfo|x64.ActiveCfg = ReleaseWithDebInfo|x64
		{B7C64002-5002-410F-868C-826073AFA924}.ReleaseWithDebInfo|x64.Build.0 = ReleaseWithDebInfo|x64
		{B7C64002-5002-410F-868C-826073AFA924}.ReleaseWithDebInfo|x86.ActiveCfg = ReleaseWithDebInfo|Win32
		{B7C64002-5002-410F-868C-826073AFA924}.ReleaseWithDebInfo|x86.Build.0 = ReleaseWithDebInfo|Win32
		{946619C2-5959-4C0C-BC7C-1C27D825B042}.Debug|x64.ActiveCfg = Debug|x64
		{946619C2-5959-4C0C-BC7C-1C27D825B042}.Debug|x64.Build.0 = Debug|x64
		{946619C2-5959-4C0C-BC7C-1C27D825B042}.Debug|x86.ActiveCfg = Debug|Win32
		{946619C2-5959-4C0C-BC7C-1C27D825B042}.Debug|x86.Build.0 = Debug|Win32
		{946619C2-5959-4C0C-BC7C-1C27D825B042}.Release|x64.ActiveCfg = Release|x64
		{946619C2-5959-4C0C-BC7C-1C27D825B042}.Release|x64.Build.0 = Release|x64
		{946619C2-5959-4C0C-BC7C-1C27D825B042}.Release|x86.ActiveCfg = Release|Win32
		{946619C2-5959-4C0C-BC7C-1C27D825B042}.Release|x86.Build.0 = Release|Win32
		{946619C2-5959-4C0C-BC7C-1C27D825B042}.ReleaseWithDebInfo|x64.ActiveCfg = ReleaseWithDebInfo|x64
		{946619C2-5959-4C0C-BC7C-1C27D825B042}.ReleaseWithDebInfo|x64.Build.0 = ReleaseWithDebInfo|x64
		{946619C2-5959-4C0C-BC7C-1C27D825B042}.ReleaseWithDebInfo|x86.ActiveCfg = ReleaseWithDebInfo|Win32
		{946619C2-5959-4C0C-BC7C-1C27D825B042}.ReleaseWithDebInfo|x86.Build.0 = ReleaseWithDebInfo|Win32
		{9341205B-AEE0-483B-9A80-975C2084C3AE}.Debug|x64.ActiveCfg = Debug|x64
		{9341205B-AEE0-483B-9A80-975C2084C3AE}.Debug|x64.Build.0 = Debug|x64
		{9341205B-AEE0-483B-9A80-975C2084C3AE}.Debug|x86.ActiveCfg = Debug|Win32
		{9341205B-AEE0-483B-9A80-975C2084C3AE}.Debug|x86.Build.0 = Debug|Win32
		{9341205B-AEE0-483B-9A80-975C2084C3AE}.Release|x64.ActiveCfg = Release|x64
		{9341205B-AEE0-483B-9A80-975C2084C3AE}.Release|x64.Build.0 = Release|x64
		{9341205B-AEE0-483B-9A80-975C2084C3AE}.Release|x86.ActiveCfg = Release|Win32
		{9341205B-AEE0-483B-9A80-975C2084C3AE}.Release|x86.Build.0 = Release|Win32
		{9341205B-AEE0-483B-9A80-975C2084C3AE}.ReleaseWithDebInfo|x64.ActiveCfg = ReleaseWithDebInfo|x64
		{9341205B-AEE0-483B-9A80-975C2084C3AE}.ReleaseWithDebInfo|x64.Build.0 = ReleaseWithDebInfo|x64
		{9341205B-AEE0-483B-9A80-975C2084C3AE}.ReleaseWithDebInfo|x86.ActiveCfg = ReleaseWithDebInfo|Win32
		{9341205B-AEE0-483B-9A80-975C2084C3AE}.ReleaseWithDebInfo|x86.Build.0 = ReleaseWithDebInfo|Win32
		{023B2DB0-6DA4-4F0D-988B-4D9BF522DA37}.Debug|x64.ActiveCfg = Debug|Any CPU
		{023B2DB0-6DA4-4F0D-988B-4D9BF522DA37}.Debug|x64.Build.0 = Debug|Any CPU
		{023B2DB0-6DA4-4F0D-988B-4D9BF522DA37}.Debug|x86.ActiveCfg = Debug|Any CPU
		{023B2DB0-6DA4-4F0D-988B-4D9BF522DA37}.Debug|x86.Build.0 = Debug|Any CPU
		{023B2DB0-6DA4-4F0D-988B-4D9BF522DA37}.Release|x64.ActiveCfg = Release|Any CPU
		{023B2DB0-6DA4-4F0D-988B-4D9BF522DA37}.Release|x64.Build.0 = Release|Any CPU
		{023B2DB0-6DA4-4F0D-988B-4D9BF522DA37}.Release|x86.ActiveCfg = Release|Any CPU
		{023B2DB0-6DA4-4F0D-988B-4D9BF522DA37}.Release|x86.Build.0 = Release|Any CPU
		{023B2DB0-6DA4-4F0D-988B-4D9BF522DA37}.ReleaseWithDebInfo|x64.ActiveCfg = ReleaseWithDebInfo|Any CPU
		{023B2DB0-6DA4-4F0D-988B-4D9BF522DA37}.ReleaseWithDebInfo|x64.Build.0 = ReleaseWithDebInfo|Any CPU
		{023B2DB0-6DA4-4F0D-988B-4D9BF522DA37}.ReleaseWithDebInfo|x86.ActiveCfg = ReleaseWithDebInfo|Any CPU
		{023B2DB0-6DA4-4F0D-988B-4D9BF522DA37}.ReleaseWithDebInfo|x86.Build.0 = ReleaseWithDebInfo|Any CPU
		{F2EC73D1-D533-4EE4-955A-A62E306472CC}.Debug|x64.ActiveCfg = Debug|x64
		{F2EC73D1-D533-4EE4-955A-A62E306472CC}.Debug|x64.Build.0 = Debug|x64
		{F2EC73D1-D533-4EE4-955A-A62E306472CC}.Debug|x86.ActiveCfg = Debug|Win32
		{F2EC73D1-D533-4EE4-955A-A62E306472CC}.Debug|x86.Build.0 = Debug|Win32
		{F2EC73D1-D533-4EE4-955A-A62E306472CC}.Release|x64.ActiveCfg = Release|x64
		{F2EC73D1-D533-4EE4-955A-A62E306472CC}.Release|x64.Build.0 = Release|x64
		{F2EC73D1-D533-4EE4-955A-A62E306472CC}.Release|x86.ActiveCfg = Release|Win32
		{F2EC73D1-D533-4EE4-955A-A62E306472CC}.Release|x86.Build.0 = Release|Win32
		{F2EC73D1-D533-4EE4-955A-A62E306472CC}.ReleaseWithDebInfo|x64.ActiveCfg = Release|x64
		{F2EC73D1-D533-4EE4-955A-A62E306472CC}.ReleaseWithDebInfo|x64.Build.0 = Release|x64
		{F2EC73D1-D533-4EE4-955A-A62E306472CC}.ReleaseWithDebInfo|x86.ActiveCfg = Release|Win32
		{F2EC73D1-D533-4EE4-955A-A62E306472CC}.ReleaseWithDebInfo|x86.Build.0 = Release|Win32
	EndGlobalSection
	GlobalSection(SolutionProperties) = preSolution
		HideSolutionNode = FALSE
	EndGlobalSection
	GlobalSection(ExtensibilityGlobals) = postSolution
		SolutionGuid = {B9B7CEB7-A146-4F29-9A20-085BA7A9E5D7}
	EndGlobalSection
EndGlobal
